
Microsoft Visual Studio Solution File, Format Version 12.00
# Visual Studio Version 17
VisualStudioVersion = 17.0.32112.339
MinimumVisualStudioVersion = 10.0.40219.1
Project("{FAE04EC0-301F-11D3-BF4B-00C04F79EFBC}") = "BilgiOtel14.03.22", "BilgiOtel14.03.22\BilgiOtel14.03.22.csproj", "{526EB688-5F48-42D0-8751-5C9EEFD739F9}"
EndProject
Project("{FAE04EC0-301F-11D3-BF4B-00C04F79EFBC}") = "Bilgi_Hotel_DAL", "Bilgi_Hotel_DAL\Bilgi_Hotel_DAL.csproj", "{95326BBE-BEE0-4B1E-BCDE-BE34256805F0}"
EndProject
Project("{FAE04EC0-301F-11D3-BF4B-00C04F79EFBC}") = "Bilgi_Hotel_Entity", "Bilgi_Hotel_Entity\Bilgi_Hotel_Entity.csproj", "{5EF85256-93FB-4A52-A284-681147337AD3}"
EndProject
Global
	GlobalSection(SolutionConfigurationPlatforms) = preSolution
		Debug|Any CPU = Debug|Any CPU
		Release|Any CPU = Release|Any CPU
	EndGlobalSection
	GlobalSection(ProjectConfigurationPlatforms) = postSolution
		{526EB688-5F48-42D0-8751-5C9EEFD739F9}.Debug|Any CPU.ActiveCfg = Debug|Any CPU
		{526EB688-5F48-42D0-8751-5C9EEFD739F9}.Debug|Any CPU.Build.0 = Debug|Any CPU
		{526EB688-5F48-42D0-8751-5C9EEFD739F9}.Release|Any CPU.ActiveCfg = Release|Any CPU
		{526EB688-5F48-42D0-8751-5C9EEFD739F9}.Release|Any CPU.Build.0 = Release|Any CPU
		{95326BBE-BEE0-4B1E-BCDE-BE34256805F0}.Debug|Any CPU.ActiveCfg = Debug|Any CPU
		{95326BBE-BEE0-4B1E-BCDE-BE34256805F0}.Debug|Any CPU.Build.0 = Debug|Any CPU
		{95326BBE-BEE0-4B1E-BCDE-BE34256805F0}.Release|Any CPU.ActiveCfg = Release|Any CPU
		{95326BBE-BEE0-4B1E-BCDE-BE34256805F0}.Release|Any CPU.Build.0 = Release|Any CPU
		{5EF85256-93FB-4A52-A284-681147337AD3}.Debug|Any CPU.ActiveCfg = Debug|Any CPU
		{5EF85256-93FB-4A52-A284-681147337AD3}.Debug|Any CPU.Build.0 = Debug|Any CPU
		{5EF85256-93FB-4A52-A284-681147337AD3}.Release|Any CPU.ActiveCfg = Release|Any CPU
		{5EF85256-93FB-4A52-A284-681147337AD3}.Release|Any CPU.Build.0 = Release|Any CPU
	EndGlobalSection
	GlobalSection(SolutionProperties) = preSolution
		HideSolutionNode = FALSE
	EndGlobalSection
	GlobalSection(ExtensibilityGlobals) = postSolution
		SolutionGuid = {2C3834E7-9B4C-40C8-9999-CD73A88B85CE}
	EndGlobalSection
EndGlobal
